
Microsoft Visual Studio Solution File, Format Version 12.00
# Visual Studio Version 17
VisualStudioVersion = 17.2.32602.215
MinimumVisualStudioVersion = 10.0.40219.1
Project("{FAE04EC0-301F-11D3-BF4B-00C04F79EFBC}") = "DemoAuthenticationAPI", "DemoAuthenticationAPI\DemoAuthenticationAPI.csproj", "{47A1D547-E2A0-4D02-A1A8-5A248E80C84C}"
EndProject
Global
	GlobalSection(SolutionConfigurationPlatforms) = preSolution
		Debug|Any CPU = Debug|Any CPU
		Release|Any CPU = Release|Any CPU
	EndGlobalSection
	GlobalSection(ProjectConfigurationPlatforms) = postSolution
		{47A1D547-E2A0-4D02-A1A8-5A248E80C84C}.Debug|Any CPU.ActiveCfg = Debug|Any CPU
		{47A1D547-E2A0-4D02-A1A8-5A248E80C84C}.Debug|Any CPU.Build.0 = Debug|Any CPU
		{47A1D547-E2A0-4D02-A1A8-5A248E80C84C}.Release|Any CPU.ActiveCfg = Release|Any CPU
		{47A1D547-E2A0-4D02-A1A8-5A248E80C84C}.Release|Any CPU.Build.0 = Release|Any CPU
	EndGlobalSection
	GlobalSection(SolutionProperties) = preSolution
		HideSolutionNode = FALSE
	EndGlobalSection
	GlobalSection(ExtensibilityGlobals) = postSolution
		SolutionGuid = {CC241A04-6A38-44DE-9130-A4A3929A9AF7}
	EndGlobalSection
EndGlobal
